
Microsoft Visual Studio Solution File, Format Version 12.00
# Visual Studio Version 17
VisualStudioVersion = 17.7.34031.279
MinimumVisualStudioVersion = 10.0.40219.1
Project("{FAE04EC0-301F-11D3-BF4B-00C04F79EFBC}") = "testarray", "testarray\testarray.csproj", "{3ACB6E52-074E-48BA-814B-596A82F4B158}"
EndProject
Global
	GlobalSection(SolutionConfigurationPlatforms) = preSolution
		Debug|Any CPU = Debug|Any CPU
		Release|Any CPU = Release|Any CPU
	EndGlobalSection
	GlobalSection(ProjectConfigurationPlatforms) = postSolution
		{3ACB6E52-074E-48BA-814B-596A82F4B158}.Debug|Any CPU.ActiveCfg = Debug|Any CPU
		{3ACB6E52-074E-48BA-814B-596A82F4B158}.Debug|Any CPU.Build.0 = Debug|Any CPU
		{3ACB6E52-074E-48BA-814B-596A82F4B158}.Release|Any CPU.ActiveCfg = Release|Any CPU
		{3ACB6E52-074E-48BA-814B-596A82F4B158}.Release|Any CPU.Build.0 = Release|Any CPU
	EndGlobalSection
	GlobalSection(SolutionProperties) = preSolution
		HideSolutionNode = FALSE
	EndGlobalSection
	GlobalSection(ExtensibilityGlobals) = postSolution
		SolutionGuid = {F0D5E84B-BF97-49B4-B45A-982B44C36523}
	EndGlobalSection
EndGlobal
